{
    "_meta": {
        "hash": {
            "sha256": "881640692ba8133a2b48358cac6dc0ad6b7e719bd1d00d73eefe270c06144100"
        },
        "pipfile-spec": 6,
        "requires": {
            "python_version": "3.11"
        },
        "sources": [
            {
                "name": "pypi",
                "url": "https://pypi.org/simple",
                "verify_ssl": true
            }
        ]
    },
    "default": {
        "blinker": {
            "hashes": [
                "sha256:c3f865d4d54db7abc53758a01601cf343fe55b84c1de4e3fa910e420b438d5b9",
                "sha256:e6820ff6fa4e4d1d8e2747c2283749c3f547e4fee112b98555cdcdae32996182"
            ],
            "index": "pypi",
            "markers": "python_version >= '3.8'",
            "version": "==1.7.0"
        }
    },
    "develop": {}
}
